
Microsoft Visual Studio Solution File, Format Version 12.00
# Visual Studio Version 17
VisualStudioVersion = 17.8.34525.116
MinimumVisualStudioVersion = 10.0.40219.1
Project("{FAE04EC0-301F-11D3-BF4B-00C04F79EFBC}") = "QuanLyKho", "QuanLyKho.csproj", "{FB987107-D4A2-4970-BAE3-FCBE1B70F74A}"
EndProject
Global
	GlobalSection(SolutionConfigurationPlatforms) = preSolution
		Debug|Any CPU = Debug|Any CPU
		Release|Any CPU = Release|Any CPU
	EndGlobalSection
	GlobalSection(ProjectConfigurationPlatforms) = postSolution
		{FB987107-D4A2-4970-BAE3-FCBE1B70F74A}.Debug|Any CPU.ActiveCfg = Debug|Any CPU
		{FB987107-D4A2-4970-BAE3-FCBE1B70F74A}.Debug|Any CPU.Build.0 = Debug|Any CPU
		{FB987107-D4A2-4970-BAE3-FCBE1B70F74A}.Release|Any CPU.ActiveCfg = Release|Any CPU
		{FB987107-D4A2-4970-BAE3-FCBE1B70F74A}.Release|Any CPU.Build.0 = Release|Any CPU
	EndGlobalSection
	GlobalSection(SolutionProperties) = preSolution
		HideSolutionNode = FALSE
	EndGlobalSection
	GlobalSection(ExtensibilityGlobals) = postSolution
		SolutionGuid = {0E56DE22-2E38-4071-978B-90D2CAF8FA3F}
	EndGlobalSection
EndGlobal
